
Microsoft Visual Studio Solution File, Format Version 12.00
# Visual Studio Version 17
VisualStudioVersion = 17.0.31903.59
MinimumVisualStudioVersion = 10.0.40219.1
Project("{FAE04EC0-301F-11D3-BF4B-00C04F79EFBC}") = "jobs-dotnet", "jobs-dotnet\jobs-dotnet.csproj", "{78FF24EF-0293-4BBB-9A11-5A1AA0424339}"
EndProject
Global
	GlobalSection(SolutionConfigurationPlatforms) = preSolution
		Debug|Any CPU = Debug|Any CPU
		Release|Any CPU = Release|Any CPU
	EndGlobalSection
	GlobalSection(SolutionProperties) = preSolution
		HideSolutionNode = FALSE
	EndGlobalSection
	GlobalSection(ProjectConfigurationPlatforms) = postSolution
		{78FF24EF-0293-4BBB-9A11-5A1AA0424339}.Debug|Any CPU.ActiveCfg = Debug|Any CPU
		{78FF24EF-0293-4BBB-9A11-5A1AA0424339}.Debug|Any CPU.Build.0 = Debug|Any CPU
		{78FF24EF-0293-4BBB-9A11-5A1AA0424339}.Release|Any CPU.ActiveCfg = Release|Any CPU
		{78FF24EF-0293-4BBB-9A11-5A1AA0424339}.Release|Any CPU.Build.0 = Release|Any CPU
	EndGlobalSection
EndGlobal
